
Microsoft Visual Studio Solution File, Format Version 12.00
# Visual Studio Version 16
VisualStudioVersion = 16.0.31911.196
MinimumVisualStudioVersion = 10.0.40219.1
Project("{9A19103F-16F7-4668-BE54-9A1E7A4F7556}") = "WebSocket.Server", "WebSocket.Server\WebSocket.Server.csproj", "{87AAF978-1FDB-4A45-9161-056A25585886}"
EndProject
Project("{9A19103F-16F7-4668-BE54-9A1E7A4F7556}") = "WebSocket.Client", "WebSocket.Client\WebSocket.Client.csproj", "{3BFDAC1B-2DF9-49F5-A2FB-E9B54909E874}"
EndProject
Global
	GlobalSection(SolutionConfigurationPlatforms) = preSolution
		Debug|Any CPU = Debug|Any CPU
		Release|Any CPU = Release|Any CPU
	EndGlobalSection
	GlobalSection(ProjectConfigurationPlatforms) = postSolution
		{87AAF978-1FDB-4A45-9161-056A25585886}.Debug|Any CPU.ActiveCfg = Debug|Any CPU
		{87AAF978-1FDB-4A45-9161-056A25585886}.Debug|Any CPU.Build.0 = Debug|Any CPU
		{87AAF978-1FDB-4A45-9161-056A25585886}.Release|Any CPU.ActiveCfg = Release|Any CPU
		{87AAF978-1FDB-4A45-9161-056A25585886}.Release|Any CPU.Build.0 = Release|Any CPU
		{3BFDAC1B-2DF9-49F5-A2FB-E9B54909E874}.Debug|Any CPU.ActiveCfg = Debug|Any CPU
		{3BFDAC1B-2DF9-49F5-A2FB-E9B54909E874}.Debug|Any CPU.Build.0 = Debug|Any CPU
		{3BFDAC1B-2DF9-49F5-A2FB-E9B54909E874}.Release|Any CPU.ActiveCfg = Release|Any CPU
		{3BFDAC1B-2DF9-49F5-A2FB-E9B54909E874}.Release|Any CPU.Build.0 = Release|Any CPU
	EndGlobalSection
	GlobalSection(SolutionProperties) = preSolution
		HideSolutionNode = FALSE
	EndGlobalSection
	GlobalSection(ExtensibilityGlobals) = postSolution
		SolutionGuid = {EEB48BA7-79CA-4F0D-AEDB-57606A575A5E}
	EndGlobalSection
EndGlobal
